
Microsoft Visual Studio Solution File, Format Version 12.00
# Visual Studio 2013
VisualStudioVersion = 12.0.30501.0
MinimumVisualStudioVersion = 10.0.40219.1
Project("{FAE04EC0-301F-11D3-BF4B-00C04F79EFBC}") = "Project", "Project\Project.csproj", "{3D1EB60E-EE46-440C-AF19-F888452A5258}"
EndProject
Project("{FAE04EC0-301F-11D3-BF4B-00C04F79EFBC}") = "BussinessLogic", "BussinessLogic\BussinessLogic.csproj", "{BA0ED16F-9F60-40C0-B9A7-8C6066D1D5F2}"
EndProject
Project("{FAE04EC0-301F-11D3-BF4B-00C04F79EFBC}") = "Database", "Database\Database.csproj", "{ADDDD59C-E53B-4041-A52E-2090B9239306}"
EndProject
Project("{FAE04EC0-301F-11D3-BF4B-00C04F79EFBC}") = "ResourceLibrary", "ResourceLibrary\ResourceLibrary.csproj", "{C5DFBF23-4642-4CC6-ADF1-1B114001EC32}"
EndProject
Global
	GlobalSection(SolutionConfigurationPlatforms) = preSolution
		Debug|Any CPU = Debug|Any CPU
		Release|Any CPU = Release|Any CPU
	EndGlobalSection
	GlobalSection(ProjectConfigurationPlatforms) = postSolution
		{3D1EB60E-EE46-440C-AF19-F888452A5258}.Debug|Any CPU.ActiveCfg = Debug|Any CPU
		{3D1EB60E-EE46-440C-AF19-F888452A5258}.Debug|Any CPU.Build.0 = Debug|Any CPU
		{3D1EB60E-EE46-440C-AF19-F888452A5258}.Release|Any CPU.ActiveCfg = Release|Any CPU
		{3D1EB60E-EE46-440C-AF19-F888452A5258}.Release|Any CPU.Build.0 = Release|Any CPU
		{BA0ED16F-9F60-40C0-B9A7-8C6066D1D5F2}.Debug|Any CPU.ActiveCfg = Debug|Any CPU
		{BA0ED16F-9F60-40C0-B9A7-8C6066D1D5F2}.Debug|Any CPU.Build.0 = Debug|Any CPU
		{BA0ED16F-9F60-40C0-B9A7-8C6066D1D5F2}.Release|Any CPU.ActiveCfg = Release|Any CPU
		{BA0ED16F-9F60-40C0-B9A7-8C6066D1D5F2}.Release|Any CPU.Build.0 = Release|Any CPU
		{ADDDD59C-E53B-4041-A52E-2090B9239306}.Debug|Any CPU.ActiveCfg = Debug|Any CPU
		{ADDDD59C-E53B-4041-A52E-2090B9239306}.Debug|Any CPU.Build.0 = Debug|Any CPU
		{ADDDD59C-E53B-4041-A52E-2090B9239306}.Release|Any CPU.ActiveCfg = Release|Any CPU
		{ADDDD59C-E53B-4041-A52E-2090B9239306}.Release|Any CPU.Build.0 = Release|Any CPU
		{C5DFBF23-4642-4CC6-ADF1-1B114001EC32}.Debug|Any CPU.ActiveCfg = Debug|Any CPU
		{C5DFBF23-4642-4CC6-ADF1-1B114001EC32}.Debug|Any CPU.Build.0 = Debug|Any CPU
		{C5DFBF23-4642-4CC6-ADF1-1B114001EC32}.Release|Any CPU.ActiveCfg = Release|Any CPU
		{C5DFBF23-4642-4CC6-ADF1-1B114001EC32}.Release|Any CPU.Build.0 = Release|Any CPU
	EndGlobalSection
	GlobalSection(SolutionProperties) = preSolution
		HideSolutionNode = FALSE
	EndGlobalSection
	GlobalSection(CodealikeProperties) = postSolution
		SolutionGuid = 949caeb2-a9b4-43e5-b92a-276f903a6d70
	EndGlobalSection
EndGlobal
